// !$*UTF8*$!
{
	archiveVersion = 1;
	classes = {
	};
	objectVersion = 50;
	objects = {

/* Begin PBXBuildFile section */
		16D4F91121253CAB00B78FBB /* AppDelegate.m in Sources */ = {isa = PBXBuildFile; fileRef = 16D4F91021253CAB00B78FBB /* AppDelegate.m */; };
		16D4F91421253CAB00B78FBB /* ViewController.m in Sources */ = {isa = PBXBuildFile; fileRef = 16D4F91321253CAB00B78FBB /* ViewController.m */; };
		16D4F91721253CAB00B78FBB /* Main.storyboard in Resources */ = {isa = PBXBuildFile; fileRef = 16D4F91521253CAB00B78FBB /* Main.storyboard */; };
		16D4F91921253CAD00B78FBB /* Assets.xcassets in Resources */ = {isa = PBXBuildFile; fileRef = 16D4F91821253CAD00B78FBB /* Assets.xcassets */; };
		16D4F91C21253CAD00B78FBB /* LaunchScreen.storyboard in Resources */ = {isa = PBXBuildFile; fileRef = 16D4F91A21253CAD00B78FBB /* LaunchScreen.storyboard */; };
		16D4F91F21253CAD00B78FBB /* main.m in Sources */ = {isa = PBXBuildFile; fileRef = 16D4F91E21253CAD00B78FBB /* main.m */; };
/* End PBXBuildFile section */

/* Begin PBXFileReference section */
		16D4F90C21253CAB00B78FBB /* WebRTC-Twilio-VideoChatApp.app */ = {isa = PBXFileReference; explicitFileType = wrapper.application; includeInIndex = 0; path = "WebRTC-Twilio-VideoChatApp.app"; sourceTree = BUILT_PRODUCTS_DIR; };
		16D4F90F21253CAB00B78FBB /* AppDelegate.h */ = {isa = PBXFileReference; lastKnownFileType = sourcecode.c.h; path = AppDelegate.h; sourceTree = "<group>"; };
		16D4F91021253CAB00B78FBB /* AppDelegate.m */ = {isa = PBXFileReference; lastKnownFileType = sourcecode.c.objc; path = AppDelegate.m; sourceTree = "<group>"; };
		16D4F91221253CAB00B78FBB /* ViewController.h */ = {isa = PBXFileReference; lastKnownFileType = sourcecode.c.h; path = ViewController.h; sourceTree = "<group>"; };
		16D4F91321253CAB00B78FBB /* ViewController.m */ = {isa = PBXFileReference; lastKnownFileType = sourcecode.c.objc; path = ViewController.m; sourceTree = "<group>"; };
		16D4F91621253CAB00B78FBB /* Base */ = {isa = PBXFileReference; lastKnownFileType = file.storyboard; name = Base; path = Base.lproj/Main.storyboard; sourceTree = "<group>"; };
		16D4F91821253CAD00B78FBB /* Assets.xcassets */ = {isa = PBXFileReference; lastKnownFileType = folder.assetcatalog; path = Assets.xcassets; sourceTree = "<group>"; };
		16D4F91B21253CAD00B78FBB /* Base */ = {isa = PBXFileReference; lastKnownFileType = file.storyboard; name = Base; path = Base.lproj/LaunchScreen.storyboard; sourceTree = "<group>"; };
		16D4F91D21253CAD00B78FBB /* Info.plist */ = {isa = PBXFileReference; lastKnownFileType = text.plist.xml; path = Info.plist; sourceTree = "<group>"; };
		16D4F91E21253CAD00B78FBB /* main.m */ = {isa = PBXFileReference; lastKnownFileType = sourcecode.c.objc; path = main.m; sourceTree = "<group>"; };
/* End PBXFileReference section */

/* Begin PBXFrameworksBuildPhase section */
		16D4F90921253CAB00B78FBB /* Frameworks */ = {
			isa = PBXFrameworksBuildPhase;
			buildActionMask = 2147483647;
			files = (
			);
			runOnlyForDeploymentPostprocessing = 0;
		};
/* End PBXFrameworksBuildPhase section */

/* Begin PBXGroup section */
		16D4F90321253CAB00B78FBB = {
			isa = PBXGroup;
			children = (
				16D4F90E21253CAB00B78FBB /* WebRTC-Twilio-VideoChatApp */,
				16D4F90D21253CAB00B78FBB /* Products */,
			);
			sourceTree = "<group>";
		};
		16D4F90D21253CAB00B78FBB /* Products */ = {
			isa = PBXGroup;
			children = (
				16D4F90C21253CAB00B78FBB /* WebRTC-Twilio-VideoChatApp.app */,
			);
			name = Products;
			sourceTree = "<group>";
		};
		16D4F90E21253CAB00B78FBB /* WebRTC-Twilio-VideoChatApp */ = {
			isa = PBXGroup;
			children = (
				16D4F90F21253CAB00B78FBB /* AppDelegate.h */,
				16D4F91021253CAB00B78FBB /* AppDelegate.m */,
				16D4F91221253CAB00B78FBB /* ViewController.h */,
				16D4F91321253CAB00B78FBB /* ViewController.m */,
				16D4F91521253CAB00B78FBB /* Main.storyboard */,
				16D4F91821253CAD00B78FBB /* Assets.xcassets */,
				16D4F91A21253CAD00B78FBB /* LaunchScreen.storyboard */,
				16D4F91D21253CAD00B78FBB /* Info.plist */,
				16D4F91E21253CAD00B78FBB /* main.m */,
			);
			path = "WebRTC-Twilio-VideoChatApp";
			sourceTree = "<group>";
		};
/* End PBXGroup section */

/* Begin PBXNativeTarget section */
		16D4F90B21253CAB00B78FBB /* WebRTC-Twilio-VideoChatApp */ = {
			isa = PBXNativeTarget;
			buildConfigurationList = 16D4F92221253CAD00B78FBB /* Build configuration list for PBXNativeTarget "WebRTC-Twilio-VideoChatApp" */;
			buildPhases = (
				16D4F90821253CAB00B78FBB /* Sources */,
				16D4F90921253CAB00B78FBB /* Frameworks */,
				16D4F90A21253CAB00B78FBB /* Resources */,
			);
			buildRules = (
			);
			dependencies = (
			);
			name = "WebRTC-Twilio-VideoChatApp";
			productName = "WebRTC-Twilio-VideoChatApp";
			productReference = 16D4F90C21253CAB00B78FBB /* WebRTC-Twilio-VideoChatApp.app */;
			productType = "com.apple.product-type.application";
		};
/* End PBXNativeTarget section */

/* Begin PBXProject section */
		16D4F90421253CAB00B78FBB /* Project object */ = {
			isa = PBXProject;
			attributes = {
				LastUpgradeCheck = 0930;
				ORGANIZATIONNAME = "Anant Kannaik";
				TargetAttributes = {
					16D4F90B21253CAB00B78FBB = {
						CreatedOnToolsVersion = 9.3;
					};
				};
			};
			buildConfigurationList = 16D4F90721253CAB00B78FBB /* Build configuration list for PBXProject "WebRTC-Twilio-VideoChatApp" */;
			compatibilityVersion = "Xcode 9.3";
			developmentRegion = en;
			hasScannedForEncodings = 0;
			knownRegions = (
				en,
				Base,
			);
			mainGroup = 16D4F90321253CAB00B78FBB;
			productRefGroup = 16D4F90D21253CAB00B78FBB /* Products */;
			projectDirPath = "";
			projectRoot = "";
			targets = (
				16D4F90B21253CAB00B78FBB /* WebRTC-Twilio-VideoChatApp */,
			);
		};
/* End PBXProject section */

/* Begin PBXResourcesBuildPhase section */
		16D4F90A21253CAB00B78FBB /* Resources */ = {
			isa = PBXResourcesBuildPhase;
			buildActionMask = 2147483647;
			files = (
				16D4F91C21253CAD00B78FBB /* LaunchScreen.storyboard in Resources */,
				16D4F91921253CAD00B78FBB /* Assets.xcassets in Resources */,
				16D4F91721253CAB00B78FBB /* Main.storyboard in Resources */,
			);
			runOnlyForDeploymentPostprocessing = 0;
		};
/* End PBXResourcesBuildPhase section */

/* Begin PBXSourcesBuildPhase section */
		16D4F90821253CAB00B78FBB /* Sources */ = {
			isa = PBXSourcesBuildPhase;
			buildActionMask = 2147483647;
			files = (
				16D4F91421253CAB00B78FBB /* ViewController.m in Sources */,
				16D4F91F21253CAD00B78FBB /* main.m in Sources */,
				16D4F91121253CAB00B78FBB /* AppDelegate.m in Sources */,
			);
			runOnlyForDeploymentPostprocessing = 0;
		};
/* End PBXSourcesBuildPhase section */

/* Begin PBXVariantGroup section */
		16D4F91521253CAB00B78FBB /* Main.storyboard */ = {
			isa = PBXVariantGroup;
			children = (
				16D4F91621253CAB00B78FBB /* Base */,
			);
			name = Main.storyboard;
			sourceTree = "<group>";
		};
		16D4F91A21253CAD00B78FBB /* LaunchScreen.storyboard */ = {
			isa = PBXVariantGroup;
			children = (
				16D4F91B21253CAD00B78FBB /* Base */,
			);
			name = LaunchScreen.storyboard;
			sourceTree = "<group>";
		};
/* End PBXVariantGroup section */

/* Begin XCBuildConfiguration section */
		16D4F92021253CAD00B78FBB /* Debug */ = {
			isa = XCBuildConfiguration;
			buildSettings = {
				ALWAYS_SEARCH_USER_PATHS = NO;
				CLANG_ANALYZER_NONNULL = YES;
				CLANG_ANALYZER_NUMBER_OBJECT_CONVERSION = YES_AGGRESSIVE;
				CLANG_CXX_LANGUAGE_STANDARD = "gnu++14";
				CLANG_CXX_LIBRARY = "libc++";
				CLANG_ENABLE_MODULES = YES;
				CLANG_ENABLE_OBJC_ARC = YES;
				CLANG_ENABLE_OBJC_WEAK = YES;
				CLANG_WARN_BLOCK_CAPTURE_AUTORELEASING = YES;
				CLANG_WARN_BOOL_CONVERSION = YES;
				CLANG_WARN_COMMA = YES;
				CLANG_WARN_CONSTANT_CONVERSION = YES;
				CLANG_WARN_DEPRECATED_OBJC_IMPLEMENTATIONS = YES;
				CLANG_WARN_DIRECT_OBJC_ISA_USAGE = YES_ERROR;
				CLANG_WARN_DOCUMENTATION_COMMENTS = YES;
				CLANG_WARN_EMPTY_BODY = YES;
				CLANG_WARN_ENUM_CONVERSION = YES;
				CLANG_WARN_INFINITE_RECURSION = YES;
				CLANG_WARN_INT_CONVERSION = YES;
				CLANG_WARN_NON_LITERAL_NULL_CONVERSION = YES;
				CLANG_WARN_OBJC_IMPLICIT_RETAIN_SELF = YES;
				CLANG_WARN_OBJC_LITERAL_CONVERSION = YES;
				CLANG_WARN_OBJC_ROOT_CLASS = YES_ERROR;
				CLANG_WARN_RANGE_LOOP_ANALYSIS = YES;
				CLANG_WARN_STRICT_PROTOTYPES = YES;
				CLANG_WARN_SUSPICIOUS_MOVE = YES;
				CLANG_WARN_UNGUARDED_AVAILABILITY = YES_AGGRESSIVE;
				CLANG_WARN_UNREACHABLE_CODE = YES;
				CLANG_WARN__DUPLICATE_METHOD_MATCH = YES;
				CODE_SIGN_IDENTITY = "iPhone Developer";
				COPY_PHASE_STRIP = NO;
				DEBUG_INFORMATION_FORMAT = dwarf;
				ENABLE_STRICT_OBJC_MSGSEND = YES;
				ENABLE_TESTABILITY = YES;
				GCC_C_LANGUAGE_STANDARD = gnu11;
				GCC_DYNAMIC_NO_PIC = NO;
				GCC_NO_COMMON_BLOCKS = YES;
				GCC_OPTIMIZATION_LEVEL = 0;
				GCC_PREPROCESSOR_DEFINITIONS = (
					"DEBUG=1",
					"$(inherited)",
				);
				GCC_WARN_64_TO_32_BIT_CONVERSION = YES;
				GCC_WARN_ABOUT_RETURN_TYPE = YES_ERROR;
				GCC_WARN_UNDECLARED_SELECTOR = YES;
				GCC_WARN_UNINITIALIZED_AUTOS = YES_AGGRESSIVE;
				GCC_WARN_UNUSED_FUNCTION = YES;
				GCC_WARN_UNUSED_VARIABLE = YES;
				IPHONEOS_DEPLOYMENT_TARGET = 11.3;
				MTL_ENABLE_DEBUG_INFO = YES;
				ONLY_ACTIVE_ARCH = YES;
				SDKROOT = iphoneos;
			};
			name = Debug;
		};
		16D4F92121253CAD00B78FBB /* Release */ = {
			isa = XCBuildConfiguration;
			buildSettings = {
				ALWAYS_SEARCH_USER_PATHS = NO;
				CLANG_ANALYZER_NONNULL = YES;
				CLANG_ANALYZER_NUMBER_OBJECT_CONVERSION = YES_AGGRESSIVE;
				CLANG_CXX_LANGUAGE_STANDARD = "gnu++14";
				CLANG_CXX_LIBRARY = "libc++";
				CLANG_ENABLE_MODULES = YES;
				CLANG_ENABLE_OBJC_ARC = YES;
				CLANG_ENABLE_OBJC_WEAK = YES;
				CLANG_WARN_BLOCK_CAPTURE_AUTORELEASING = YES;
				CLANG_WARN_BOOL_CONVERSION = YES;
				CLANG_WARN_COMMA = YES;
				CLANG_WARN_CONSTANT_CONVERSION = YES;
				CLANG_WARN_DEPRECATED_OBJC_IMPLEMENTATIONS = YES;
				CLANG_WARN_DIRECT_OBJC_ISA_USAGE = YES_ERROR;
				CLANG_WARN_DOCUMENTATION_COMMENTS = YES;
				CLANG_WARN_EMPTY_BODY = YES;
				CLANG_WARN_ENUM_CONVERSION = YES;
				CLANG_WARN_INFINITE_RECURSION = YES;
				CLANG_WARN_INT_CONVERSION = YES;
				CLANG_WARN_NON_LITERAL_NULL_CONVERSION = YES;
				CLANG_WARN_OBJC_IMPLICIT_RETAIN_SELF = YES;
				CLANG_WARN_OBJC_LITERAL_CONVERSION = YES;
				CLANG_WARN_OBJC_ROOT_CLASS = YES_ERROR;
				CLANG_WARN_RANGE_LOOP_ANALYSIS = YES;
				CLANG_WARN_STRICT_PROTOTYPES = YES;
				CLANG_WARN_SUSPICIOUS_MOVE = YES;
				CLANG_WARN_UNGUARDED_AVAILABILITY = YES_AGGRESSIVE;
				CLANG_WARN_UNREACHABLE_CODE = YES;
				CLANG_WARN__DUPLICATE_METHOD_MATCH = YES;
				CODE_SIGN_IDENTITY = "iPhone Developer";
				COPY_PHASE_STRIP = NO;
				DEBUG_INFORMATION_FORMAT = "dwarf-with-dsym";
				ENABLE_NS_ASSERTIONS = NO;
				ENABLE_STRICT_OBJC_MSGSEND = YES;
				GCC_C_LANGUAGE_STANDARD = gnu11;
				GCC_NO_COMMON_BLOCKS = YES;
				GCC_WARN_64_TO_32_BIT_CONVERSION = YES;
				GCC_WARN_ABOUT_RETURN_TYPE = YES_ERROR;
				GCC_WARN_UNDECLARED_SELECTOR = YES;
				GCC_WARN_UNINITIALIZED_AUTOS = YES_AGGRESSIVE;
				GCC_WARN_UNUSED_FUNCTION = YES;
				GCC_WARN_UNUSED_VARIABLE = YES;
				IPHONEOS_DEPLOYMENT_TARGET = 11.3;
				MTL_ENABLE_DEBUG_INFO = NO;
				SDKROOT = iphoneos;
				VALIDATE_PRODUCT = YES;
			};
			name = Release;
		};
		16D4F92321253CAD00B78FBB /* Debug */ = {
			isa = XCBuildConfiguration;
			buildSettings = {
				ASSETCATALOG_COMPILER_APPICON_NAME = AppIcon;
				CODE_SIGN_STYLE = Automatic;
				DEVELOPMENT_TEAM = 3DV85RL7V3;
				INFOPLIST_FILE = "WebRTC-Twilio-VideoChatApp/Info.plist";
				LD_RUNPATH_SEARCH_PATHS = (
					"$(inherited)",
					"@executable_path/Frameworks",
				);
				PRODUCT_BUNDLE_IDENTIFIER = "com.cci.WebRTC-Twilio-VideoChatApp";
				PRODUCT_NAME = "$(TARGET_NAME)";
				TARGETED_DEVICE_FAMILY = "1,2";
			};
			name = Debug;
		};
		16D4F92421253CAD00B78FBB /* Release */ = {
			isa = XCBuildConfiguration;
			buildSettings = {
				ASSETCATALOG_COMPILER_APPICON_NAME = AppIcon;
				CODE_SIGN_STYLE = Automatic;
				DEVELOPMENT_TEAM = 3DV85RL7V3;
				INFOPLIST_FILE = "WebRTC-Twilio-VideoChatApp/Info.plist";
				LD_RUNPATH_SEARCH_PATHS = (
					"$(inherited)",
					"@executable_path/Frameworks",
				);
				PRODUCT_BUNDLE_IDENTIFIER = "com.cci.WebRTC-Twilio-VideoChatApp";
				PRODUCT_NAME = "$(TARGET_NAME)";
				TARGETED_DEVICE_FAMILY = "1,2";
			};
			name = Release;
		};
/* End XCBuildConfiguration section */

/* Begin XCConfigurationList section */
		16D4F90721253CAB00B78FBB /* Build configuration list for PBXProject "WebRTC-Twilio-VideoChatApp" */ = {
			isa = XCConfigurationList;
			buildConfigurations = (
				16D4F92021253CAD00B78FBB /* Debug */,
				16D4F92121253CAD00B78FBB /* Release */,
			);
			defaultConfigurationIsVisible = 0;
			defaultConfigurationName = Release;
		};
		16D4F92221253CAD00B78FBB /* Build configuration list for PBXNativeTarget "WebRTC-Twilio-VideoChatApp" */ = {
			isa = XCConfigurationList;
			buildConfigurations = (
				16D4F92321253CAD00B78FBB /* Debug */,
				16D4F92421253CAD00B78FBB /* Release */,
			);
			defaultConfigurationIsVisible = 0;
			defaultConfigurationName = Release;
		};
/* End XCConfigurationList section */
	};
	rootObject = 16D4F90421253CAB00B78FBB /* Project object */;
}
